
Microsoft Visual Studio Solution File, Format Version 12.00
# Visual Studio Version 16
VisualStudioVersion = 16.0.30907.101
MinimumVisualStudioVersion = 10.0.40219.1
Project("{FAE04EC0-301F-11D3-BF4B-00C04F79EFBC}") = "WpfControlLibrary1", "WpfControlLibrary1.csproj", "{30B231EB-E566-4AB7-90F4-1ADF74B1AD04}"
EndProject
Global
	GlobalSection(SolutionConfigurationPlatforms) = preSolution
		Debug|Any CPU = Debug|Any CPU
		Release|Any CPU = Release|Any CPU
	EndGlobalSection
	GlobalSection(ProjectConfigurationPlatforms) = postSolution
		{30B231EB-E566-4AB7-90F4-1ADF74B1AD04}.Debug|Any CPU.ActiveCfg = Debug|Any CPU
		{30B231EB-E566-4AB7-90F4-1ADF74B1AD04}.Debug|Any CPU.Build.0 = Debug|Any CPU
		{30B231EB-E566-4AB7-90F4-1ADF74B1AD04}.Release|Any CPU.ActiveCfg = Release|Any CPU
		{30B231EB-E566-4AB7-90F4-1ADF74B1AD04}.Release|Any CPU.Build.0 = Release|Any CPU
	EndGlobalSection
	GlobalSection(SolutionProperties) = preSolution
		HideSolutionNode = FALSE
	EndGlobalSection
	GlobalSection(ExtensibilityGlobals) = postSolution
		SolutionGuid = {39581AFD-76FC-4785-8FD4-20EC409CE2F5}
	EndGlobalSection
EndGlobal
